
Microsoft Visual Studio Solution File, Format Version 12.00
# Visual Studio Version 16
VisualStudioVersion = 16.0.29020.237
MinimumVisualStudioVersion = 10.0.40219.1
Project("{9A19103F-16F7-4668-BE54-9A1E7A4F7556}") = "DeclarativeConfiguration", "src\DeclarativeConfiguration\DeclarativeConfiguration.csproj", "{7FA2D14A-FA7A-4B2D-BDE9-DBC3838D1312}"
EndProject
Project("{FAE04EC0-301F-11D3-BF4B-00C04F79EFBC}") = "DeclarativeConfiguration.Test", "test\DeclarativeConfiguration.Test\DeclarativeConfiguration.Test.csproj", "{F953BBAD-6A82-4DFD-9A77-96A02942DC64}"
EndProject
Project("{FAE04EC0-301F-11D3-BF4B-00C04F79EFBC}") = "TestAssemblyOne", "test\TestAssemblyOne\TestAssemblyOne.csproj", "{1A6CD0C7-1116-44D6-9215-6B838867EC71}"
EndProject
Project("{FAE04EC0-301F-11D3-BF4B-00C04F79EFBC}") = "TestAssemblyTwo", "test\TestAssemblyTwo\TestAssemblyTwo.csproj", "{77827B8B-8F37-427F-AED3-EC922CA23DFE}"
EndProject
Global
	GlobalSection(SolutionConfigurationPlatforms) = preSolution
		Debug|Any CPU = Debug|Any CPU
		Release|Any CPU = Release|Any CPU
	EndGlobalSection
	GlobalSection(ProjectConfigurationPlatforms) = postSolution
		{7FA2D14A-FA7A-4B2D-BDE9-DBC3838D1312}.Debug|Any CPU.ActiveCfg = Debug|Any CPU
		{7FA2D14A-FA7A-4B2D-BDE9-DBC3838D1312}.Debug|Any CPU.Build.0 = Debug|Any CPU
		{7FA2D14A-FA7A-4B2D-BDE9-DBC3838D1312}.Release|Any CPU.ActiveCfg = Release|Any CPU
		{7FA2D14A-FA7A-4B2D-BDE9-DBC3838D1312}.Release|Any CPU.Build.0 = Release|Any CPU
		{F953BBAD-6A82-4DFD-9A77-96A02942DC64}.Debug|Any CPU.ActiveCfg = Debug|Any CPU
		{F953BBAD-6A82-4DFD-9A77-96A02942DC64}.Debug|Any CPU.Build.0 = Debug|Any CPU
		{F953BBAD-6A82-4DFD-9A77-96A02942DC64}.Release|Any CPU.ActiveCfg = Release|Any CPU
		{F953BBAD-6A82-4DFD-9A77-96A02942DC64}.Release|Any CPU.Build.0 = Release|Any CPU
		{1A6CD0C7-1116-44D6-9215-6B838867EC71}.Debug|Any CPU.ActiveCfg = Debug|Any CPU
		{1A6CD0C7-1116-44D6-9215-6B838867EC71}.Debug|Any CPU.Build.0 = Debug|Any CPU
		{1A6CD0C7-1116-44D6-9215-6B838867EC71}.Release|Any CPU.ActiveCfg = Release|Any CPU
		{1A6CD0C7-1116-44D6-9215-6B838867EC71}.Release|Any CPU.Build.0 = Release|Any CPU
		{77827B8B-8F37-427F-AED3-EC922CA23DFE}.Debug|Any CPU.ActiveCfg = Debug|Any CPU
		{77827B8B-8F37-427F-AED3-EC922CA23DFE}.Debug|Any CPU.Build.0 = Debug|Any CPU
		{77827B8B-8F37-427F-AED3-EC922CA23DFE}.Release|Any CPU.ActiveCfg = Release|Any CPU
		{77827B8B-8F37-427F-AED3-EC922CA23DFE}.Release|Any CPU.Build.0 = Release|Any CPU
	EndGlobalSection
	GlobalSection(SolutionProperties) = preSolution
		HideSolutionNode = FALSE
	EndGlobalSection
	GlobalSection(ExtensibilityGlobals) = postSolution
		SolutionGuid = {9F22FA82-0A0C-462E-A594-37EAA579F5E5}
	EndGlobalSection
EndGlobal
